
Microsoft Visual Studio Solution File, Format Version 12.00
# Visual Studio Version 16
VisualStudioVersion = 16.0.30011.22
MinimumVisualStudioVersion = 10.0.40219.1
Project("{FAE04EC0-301F-11D3-BF4B-00C04F79EFBC}") = "HelloWorldProgram", "HelloWorldProgram\HelloWorldProgram.csproj", "{9549C5AB-617E-48CF-B3F6-15A93A7F0F25}"
EndProject
Global
	GlobalSection(SolutionConfigurationPlatforms) = preSolution
		Debug|Any CPU = Debug|Any CPU
		Release|Any CPU = Release|Any CPU
	EndGlobalSection
	GlobalSection(ProjectConfigurationPlatforms) = postSolution
		{9549C5AB-617E-48CF-B3F6-15A93A7F0F25}.Debug|Any CPU.ActiveCfg = Debug|Any CPU
		{9549C5AB-617E-48CF-B3F6-15A93A7F0F25}.Debug|Any CPU.Build.0 = Debug|Any CPU
		{9549C5AB-617E-48CF-B3F6-15A93A7F0F25}.Release|Any CPU.ActiveCfg = Release|Any CPU
		{9549C5AB-617E-48CF-B3F6-15A93A7F0F25}.Release|Any CPU.Build.0 = Release|Any CPU
	EndGlobalSection
	GlobalSection(SolutionProperties) = preSolution
		HideSolutionNode = FALSE
	EndGlobalSection
	GlobalSection(ExtensibilityGlobals) = postSolution
		SolutionGuid = {22E3045F-9360-493C-925D-1EC7ACB124E4}
	EndGlobalSection
EndGlobal
